
Microsoft Visual Studio Solution File, Format Version 12.00
# Visual Studio Version 17
VisualStudioVersion = 17.2.32516.85
MinimumVisualStudioVersion = 10.0.40219.1
Project("{FAE04EC0-301F-11D3-BF4B-00C04F79EFBC}") = "optionspattern", "optionspattern\optionspattern.csproj", "{6E6E50D9-4EFC-41A7-9734-6F9B93489ABF}"
EndProject
Global
	GlobalSection(SolutionConfigurationPlatforms) = preSolution
		Debug|Any CPU = Debug|Any CPU
		Release|Any CPU = Release|Any CPU
	EndGlobalSection
	GlobalSection(ProjectConfigurationPlatforms) = postSolution
		{6E6E50D9-4EFC-41A7-9734-6F9B93489ABF}.Debug|Any CPU.ActiveCfg = Debug|Any CPU
		{6E6E50D9-4EFC-41A7-9734-6F9B93489ABF}.Debug|Any CPU.Build.0 = Debug|Any CPU
		{6E6E50D9-4EFC-41A7-9734-6F9B93489ABF}.Release|Any CPU.ActiveCfg = Release|Any CPU
		{6E6E50D9-4EFC-41A7-9734-6F9B93489ABF}.Release|Any CPU.Build.0 = Release|Any CPU
	EndGlobalSection
	GlobalSection(SolutionProperties) = preSolution
		HideSolutionNode = FALSE
	EndGlobalSection
	GlobalSection(ExtensibilityGlobals) = postSolution
		SolutionGuid = {98A2EDAB-2C1A-42E5-BC98-EBBAE7F2D842}
	EndGlobalSection
EndGlobal
